PODS:
  - Alamofire (5.6.2)
  - Charts (4.0.3):
    - Charts/Core (= 4.0.3)
  - Charts/Core (4.0.3):
    - SwiftAlgorithms (~> 1.0)
  - FSCalendar (2.8.4)
  - HGCircularSlider (2.2.0)
  - SwiftAlgorithms (1.0.0)

DEPENDENCIES:
  - Alamofire
  - Charts
  - FSCalendar
  - HGCircularSlider

SPEC REPOS:
  trunk:
    - Alamofire
    - Charts
    - FSCalendar
    - HGCircularSlider
    - SwiftAlgorithms

SPEC CHECKSUMS:
  Alamofire: d368e1ff8a298e6dde360e35a3e68e6c610e7204
  Charts: d959d6723c8eedfdd0735dfc28cb0a71762ac4d9
  FSCalendar: 2d1d0d9398f12d439f55c1fe0f01525b151b8260
  HGCircularSlider: afb1942743a2df156dcc7a3500216e523e14266b
  SwiftAlgorithms: 38dda4731d19027fdeee1125f973111bf3386b53

PODFILE CHECKSUM: 0790312c84150a687fd497d319152469704e9e39

COCOAPODS: 1.11.3
